# Files vendored from other repositories and kept byte-equal to their source by
# vendor-sync.sh, one per line: LOCAL OWNER/REPO PATH COMMIT BLOB [manual]. Never edit a
# copy in place: change it at its source and let the weekly cascade bring it back. How it
# works: references/bump-cascade.md in https://github.com/rokokol/ci-skill
vendor-sync.sh rokokol/ci-skill templates/vendor-sync.sh e3b34f0104278c1adb9aad87073740e6f9b70dc8 8a72988e016b172f18d0bbe4c34d75ba427ab360
check-pins.sh rokokol/ci-skill templates/check-pins.sh 42d8ed275977a210e5de961a677a476decfaedaa e259b35eb552b43fe92582c708f4d870e5f012d6
check-changelog.sh rokokol/versioning-skill check-changelog.sh 5558f8be13f1de2083dbc20af68ace5e4e27c2c1 b58a311b6b0f69997f3a802d276dfcc11039b2df
check-interface.sh rokokol/ci-skill templates/check-interface.sh 183a9170fa2a1b648291fd75dfec372f802f5a20 75c6f3fcf8c15906a6169ec49bcf0e243e47db69
check-skill.sh rokokol/skill-authoring-skill check-skill.sh 958f21ea2cf60c26a91c6d199ecb204a76a092ab ac20af17d5f29a842d19fdfa560d3ca136d20f25
